
Microsoft Visual Studio Solution File, Format Version 12.00
# Visual Studio 14
VisualStudioVersion = 14.0.23107.0
MinimumVisualStudioVersion = 10.0.40219.1
Project("{FAE04EC0-301F-11D3-BF4B-00C04F79EFBC}") = "Edison_Properties_Payment", "Edison_Properties_Payment.csproj", "{ED57140D-6FC2-4622-A30A-73F78FCB4577}"
EndProject
Global
	GlobalSection(SolutionConfigurationPlatforms) = preSolution
		Debug|Any CPU = Debug|Any CPU
		Release|Any CPU = Release|Any CPU
	EndGlobalSection
	GlobalSection(ProjectConfigurationPlatforms) = postSolution
		{ED57140D-6FC2-4622-A30A-73F78FCB4577}.Debug|Any CPU.ActiveCfg = Debug|Any CPU
		{ED57140D-6FC2-4622-A30A-73F78FCB4577}.Debug|Any CPU.Build.0 = Debug|Any CPU
		{ED57140D-6FC2-4622-A30A-73F78FCB4577}.Release|Any CPU.ActiveCfg = Release|Any CPU
		{ED57140D-6FC2-4622-A30A-73F78FCB4577}.Release|Any CPU.Build.0 = Release|Any CPU
	EndGlobalSection
	GlobalSection(SolutionProperties) = preSolution
		HideSolutionNode = FALSE
	EndGlobalSection
EndGlobal
